PODS:
  - FlutterMacOS (1.0.0)
  - share_plus (0.0.1):
    - FlutterMacOS

DEPENDENCIES:
  - FlutterMacOS (from `Flutter/ephemeral`)
  - share_plus (from `Flutter/ephemeral/.symlinks/plugins/share_plus/macos`)

EXTERNAL SOURCES:
  FlutterMacOS:
    :path: Flutter/ephemeral
  share_plus:
    :path: Flutter/ephemeral/.symlinks/plugins/share_plus/macos

SPEC CHECKSUMS:
  FlutterMacOS: c232990155153907050900a2e175c7773903ba4e
  share_plus: 510bf0af1a42cd602274b4629920c9649c52f4cc

PODFILE CHECKSUM: 1e95c36afbfd1cb6423ceca4de7a8e1b256fb6ac

COCOAPODS: 1.16.2
